{
  "name": "Day-3-c2",
  "lockfileVersion": 3,
  "requires": true,
  "packages": {
    "": {
      "dependencies": {
        "armstrong": "^0.2.2"
      }
    },
    "node_modules/armstrong": {
      "version": "0.2.2",
      "resolved": "https://registry.npmjs.org/armstrong/-/armstrong-0.2.2.tgz",
      "integrity": "sha512-tNBoQ72dDaMLSI5uFGgrYfTwh98Pi731NaxUdqve5S/ukfjTUOnm0xYugrZyeXpPfykZmiQymDlY5nozXpmeVw==",
      "deprecated": "this package is no longer on npm",
      "engines": {
        "node": ">=0.10.0"
      }
    }
  }
}
