{
  "name": "Day-3-c1",
  "lockfileVersion": 3,
  "requires": true,
  "packages": {
    "": {
      "dependencies": {
        "prime-number": "^2.0.0"
      }
    },
    "node_modules/prime-number": {
      "version": "2.0.0",
      "resolved": "https://registry.npmjs.org/prime-number/-/prime-number-2.0.0.tgz",
      "integrity": "sha512-tpgIQyXwq78sjXrb+zRY6mHkkdWp1ACBVhj4Zf4dqP+yvznU53rGZA1cCoJzbdltD28DuqS05GzybSwLlCfwXw==",
      "license": "MIT"
    }
  }
}
